
Microsoft Visual Studio Solution File, Format Version 12.00
Project("{FAE04EC0-301F-11D3-BF4B-00C04F79EFBC}") = "ConsoleApp1", "ConsoleApp1.csproj", "{A927666B-1B63-439E-AAC6-C365B2E7D694}"
EndProject
Global
	GlobalSection(SolutionConfigurationPlatforms) = preSolution
		Debug|Any CPU = Debug|Any CPU
		Release|Any CPU = Release|Any CPU
	EndGlobalSection
	GlobalSection(ProjectConfigurationPlatforms) = postSolution
		{A927666B-1B63-439E-AAC6-C365B2E7D694}.Debug|Any CPU.ActiveCfg = Debug|Any CPU
		{A927666B-1B63-439E-AAC6-C365B2E7D694}.Debug|Any CPU.Build.0 = Debug|Any CPU
		{A927666B-1B63-439E-AAC6-C365B2E7D694}.Release|Any CPU.ActiveCfg = Release|Any CPU
		{A927666B-1B63-439E-AAC6-C365B2E7D694}.Release|Any CPU.Build.0 = Release|Any CPU
	EndGlobalSection
EndGlobal
